{
  "name": "sonic-runner",
  "version": "0.0.0",
  "lockfileVersion": 3,
  "requires": true,
  "packages": {
    "": {
      "name": "sonic-runner",
      "version": "0.0.0",
      "dependencies": {
        "kaplay": "^3001.0.0-beta.5"
      }
    },
    "node_modules/kaplay": {
      "version": "3001.0.0-beta.5",
      "resolved": "https://registry.npmjs.org/kaplay/-/kaplay-3001.0.0-beta.5.tgz",
      "integrity": "sha512-ECeuA6j/aLaNwQuyAcIW4tszk4hfeuGEpQMxWtG4fmiaZxZp+Tf9Y/cnHxiOm0+EEKwAXckrkwH+NzRZJiZ3Mw=="
    }
  }
}
